Microsoft Visual Studio Solution File, Format Version 12.00
# Visual Studio Version 17
VisualStudioVersion = 17.5.2.0
MinimumVisualStudioVersion = 10.0.40219.1
Project("{FAE04EC0-301F-11D3-BF4B-00C04F79EFBC}") = "OOP_Lab_2", "OOP_Lab_2.csproj", "{5F4DF00E-EF99-223E-01FE-D03C27E6946A}"
EndProject
Global
	GlobalSection(SolutionConfigurationPlatforms) = preSolution
		Debug|Any CPU = Debug|Any CPU
		Release|Any CPU = Release|Any CPU
	EndGlobalSection
	GlobalSection(ProjectConfigurationPlatforms) = postSolution
		{5F4DF00E-EF99-223E-01FE-D03C27E6946A}.Debug|Any CPU.ActiveCfg = Debug|Any CPU
		{5F4DF00E-EF99-223E-01FE-D03C27E6946A}.Debug|Any CPU.Build.0 = Debug|Any CPU
		{5F4DF00E-EF99-223E-01FE-D03C27E6946A}.Release|Any CPU.ActiveCfg = Release|Any CPU
		{5F4DF00E-EF99-223E-01FE-D03C27E6946A}.Release|Any CPU.Build.0 = Release|Any CPU
	EndGlobalSection
	GlobalSection(SolutionProperties) = preSolution
		HideSolutionNode = FALSE
	EndGlobalSection
	GlobalSection(ExtensibilityGlobals) = postSolution
		SolutionGuid = {073E62B5-6C2C-43A7-BF0D-848E0760D374}
	EndGlobalSection
EndGlobal
