Microsoft Visual Studio Solution File, Format Version 12.00
# Visual Studio Version 17
VisualStudioVersion = 17.5.2.0
MinimumVisualStudioVersion = 10.0.40219.1
Project("{FAE04EC0-301F-11D3-BF4B-00C04F79EFBC}") = "OOP_Lab_1", "OOP_Lab_1.csproj", "{891D27E6-E8CA-E361-7E6A-8E87BB6FE476}"
EndProject
Global
	GlobalSection(SolutionConfigurationPlatforms) = preSolution
		Debug|Any CPU = Debug|Any CPU
		Release|Any CPU = Release|Any CPU
	EndGlobalSection
	GlobalSection(ProjectConfigurationPlatforms) = postSolution
		{891D27E6-E8CA-E361-7E6A-8E87BB6FE476}.Debug|Any CPU.ActiveCfg = Debug|Any CPU
		{891D27E6-E8CA-E361-7E6A-8E87BB6FE476}.Debug|Any CPU.Build.0 = Debug|Any CPU
		{891D27E6-E8CA-E361-7E6A-8E87BB6FE476}.Release|Any CPU.ActiveCfg = Release|Any CPU
		{891D27E6-E8CA-E361-7E6A-8E87BB6FE476}.Release|Any CPU.Build.0 = Release|Any CPU
	EndGlobalSection
	GlobalSection(SolutionProperties) = preSolution
		HideSolutionNode = FALSE
	EndGlobalSection
	GlobalSection(ExtensibilityGlobals) = postSolution
		SolutionGuid = {4FCCD59E-FCD9-48DD-A4ED-760DFAB39AA9}
	EndGlobalSection
EndGlobal
