Microsoft Visual Studio Solution File, Format Version 12.00
# Visual Studio Version 17
VisualStudioVersion = 17.5.2.0
MinimumVisualStudioVersion = 10.0.40219.1
Project("{FAE04EC0-301F-11D3-BF4B-00C04F79EFBC}") = "OOP_1", "OOP_1.csproj", "{5F1769CB-E806-64AB-A873-A8640A7E5888}"
EndProject
Global
	GlobalSection(SolutionConfigurationPlatforms) = preSolution
		Debug|Any CPU = Debug|Any CPU
		Release|Any CPU = Release|Any CPU
	EndGlobalSection
	GlobalSection(ProjectConfigurationPlatforms) = postSolution
		{5F1769CB-E806-64AB-A873-A8640A7E5888}.Debug|Any CPU.ActiveCfg = Debug|Any CPU
		{5F1769CB-E806-64AB-A873-A8640A7E5888}.Debug|Any CPU.Build.0 = Debug|Any CPU
		{5F1769CB-E806-64AB-A873-A8640A7E5888}.Release|Any CPU.ActiveCfg = Release|Any CPU
		{5F1769CB-E806-64AB-A873-A8640A7E5888}.Release|Any CPU.Build.0 = Release|Any CPU
	EndGlobalSection
	GlobalSection(SolutionProperties) = preSolution
		HideSolutionNode = FALSE
	EndGlobalSection
	GlobalSection(ExtensibilityGlobals) = postSolution
		SolutionGuid = {B480EB1C-0A89-4372-A14E-3F205DD50AF9}
	EndGlobalSection
EndGlobal
