
Microsoft Visual Studio Solution File, Format Version 12.00
# Visual Studio Version 17
VisualStudioVersion = 17.0.31903.59
MinimumVisualStudioVersion = 10.0.40219.1
Project("{FAE04EC0-301F-11D3-BF4B-00C04F79EFBC}") = "Data", "Data\Data.csproj", "{F810718A-2714-4DB2-8939-F13CF2531417}"
EndProject
Project("{FAE04EC0-301F-11D3-BF4B-00C04F79EFBC}") = "Repositories", "Repositories\Repositories.csproj", "{50C8DC76-2460-40F4-8F1A-050110B01C16}"
EndProject
Project("{FAE04EC0-301F-11D3-BF4B-00C04F79EFBC}") = "Services", "Services\Services.csproj", "{E7BA204C-5D28-4FA1-991D-DBBEE9A7DF94}"
EndProject
Project("{FAE04EC0-301F-11D3-BF4B-00C04F79EFBC}") = "Web API", "Web API\Web API.csproj", "{4B64A3A1-66B4-4748-9B88-07A96FF040E7}"
EndProject
Global
	GlobalSection(SolutionConfigurationPlatforms) = preSolution
		Debug|Any CPU = Debug|Any CPU
		Debug|x64 = Debug|x64
		Debug|x86 = Debug|x86
		Release|Any CPU = Release|Any CPU
		Release|x64 = Release|x64
		Release|x86 = Release|x86
	EndGlobalSection
	GlobalSection(ProjectConfigurationPlatforms) = postSolution
		{F810718A-2714-4DB2-8939-F13CF2531417}.Debug|Any CPU.ActiveCfg = Debug|Any CPU
		{F810718A-2714-4DB2-8939-F13CF2531417}.Debug|Any CPU.Build.0 = Debug|Any CPU
		{F810718A-2714-4DB2-8939-F13CF2531417}.Debug|x64.ActiveCfg = Debug|Any CPU
		{F810718A-2714-4DB2-8939-F13CF2531417}.Debug|x64.Build.0 = Debug|Any CPU
		{F810718A-2714-4DB2-8939-F13CF2531417}.Debug|x86.ActiveCfg = Debug|Any CPU
		{F810718A-2714-4DB2-8939-F13CF2531417}.Debug|x86.Build.0 = Debug|Any CPU
		{F810718A-2714-4DB2-8939-F13CF2531417}.Release|Any CPU.ActiveCfg = Release|Any CPU
		{F810718A-2714-4DB2-8939-F13CF2531417}.Release|Any CPU.Build.0 = Release|Any CPU
		{F810718A-2714-4DB2-8939-F13CF2531417}.Release|x64.ActiveCfg = Release|Any CPU
		{F810718A-2714-4DB2-8939-F13CF2531417}.Release|x64.Build.0 = Release|Any CPU
		{F810718A-2714-4DB2-8939-F13CF2531417}.Release|x86.ActiveCfg = Release|Any CPU
		{F810718A-2714-4DB2-8939-F13CF2531417}.Release|x86.Build.0 = Release|Any CPU
		{50C8DC76-2460-40F4-8F1A-050110B01C16}.Debug|Any CPU.ActiveCfg = Debug|Any CPU
		{50C8DC76-2460-40F4-8F1A-050110B01C16}.Debug|Any CPU.Build.0 = Debug|Any CPU
		{50C8DC76-2460-40F4-8F1A-050110B01C16}.Debug|x64.ActiveCfg = Debug|Any CPU
		{50C8DC76-2460-40F4-8F1A-050110B01C16}.Debug|x64.Build.0 = Debug|Any CPU
		{50C8DC76-2460-40F4-8F1A-050110B01C16}.Debug|x86.ActiveCfg = Debug|Any CPU
		{50C8DC76-2460-40F4-8F1A-050110B01C16}.Debug|x86.Build.0 = Debug|Any CPU
		{50C8DC76-2460-40F4-8F1A-050110B01C16}.Release|Any CPU.ActiveCfg = Release|Any CPU
		{50C8DC76-2460-40F4-8F1A-050110B01C16}.Release|Any CPU.Build.0 = Release|Any CPU
		{50C8DC76-2460-40F4-8F1A-050110B01C16}.Release|x64.ActiveCfg = Release|Any CPU
		{50C8DC76-2460-40F4-8F1A-050110B01C16}.Release|x64.Build.0 = Release|Any CPU
		{50C8DC76-2460-40F4-8F1A-050110B01C16}.Release|x86.ActiveCfg = Release|Any CPU
		{50C8DC76-2460-40F4-8F1A-050110B01C16}.Release|x86.Build.0 = Release|Any CPU
		{E7BA204C-5D28-4FA1-991D-DBBEE9A7DF94}.Debug|Any CPU.ActiveCfg = Debug|Any CPU
		{E7BA204C-5D28-4FA1-991D-DBBEE9A7DF94}.Debug|Any CPU.Build.0 = Debug|Any CPU
		{E7BA204C-5D28-4FA1-991D-DBBEE9A7DF94}.Debug|x64.ActiveCfg = Debug|Any CPU
		{E7BA204C-5D28-4FA1-991D-DBBEE9A7DF94}.Debug|x64.Build.0 = Debug|Any CPU
		{E7BA204C-5D28-4FA1-991D-DBBEE9A7DF94}.Debug|x86.ActiveCfg = Debug|Any CPU
		{E7BA204C-5D28-4FA1-991D-DBBEE9A7DF94}.Debug|x86.Build.0 = Debug|Any CPU
		{E7BA204C-5D28-4FA1-991D-DBBEE9A7DF94}.Release|Any CPU.ActiveCfg = Release|Any CPU
		{E7BA204C-5D28-4FA1-991D-DBBEE9A7DF94}.Release|Any CPU.Build.0 = Release|Any CPU
		{E7BA204C-5D28-4FA1-991D-DBBEE9A7DF94}.Release|x64.ActiveCfg = Release|Any CPU
		{E7BA204C-5D28-4FA1-991D-DBBEE9A7DF94}.Release|x64.Build.0 = Release|Any CPU
		{E7BA204C-5D28-4FA1-991D-DBBEE9A7DF94}.Release|x86.ActiveCfg = Release|Any CPU
		{E7BA204C-5D28-4FA1-991D-DBBEE9A7DF94}.Release|x86.Build.0 = Release|Any CPU
		{4B64A3A1-66B4-4748-9B88-07A96FF040E7}.Debug|Any CPU.ActiveCfg = Debug|Any CPU
		{4B64A3A1-66B4-4748-9B88-07A96FF040E7}.Debug|Any CPU.Build.0 = Debug|Any CPU
		{4B64A3A1-66B4-4748-9B88-07A96FF040E7}.Debug|x64.ActiveCfg = Debug|Any CPU
		{4B64A3A1-66B4-4748-9B88-07A96FF040E7}.Debug|x64.Build.0 = Debug|Any CPU
		{4B64A3A1-66B4-4748-9B88-07A96FF040E7}.Debug|x86.ActiveCfg = Debug|Any CPU
		{4B64A3A1-66B4-4748-9B88-07A96FF040E7}.Debug|x86.Build.0 = Debug|Any CPU
		{4B64A3A1-66B4-4748-9B88-07A96FF040E7}.Release|Any CPU.ActiveCfg = Release|Any CPU
		{4B64A3A1-66B4-4748-9B88-07A96FF040E7}.Release|Any CPU.Build.0 = Release|Any CPU
		{4B64A3A1-66B4-4748-9B88-07A96FF040E7}.Release|x64.ActiveCfg = Release|Any CPU
		{4B64A3A1-66B4-4748-9B88-07A96FF040E7}.Release|x64.Build.0 = Release|Any CPU
		{4B64A3A1-66B4-4748-9B88-07A96FF040E7}.Release|x86.ActiveCfg = Release|Any CPU
		{4B64A3A1-66B4-4748-9B88-07A96FF040E7}.Release|x86.Build.0 = Release|Any CPU
	EndGlobalSection
	GlobalSection(SolutionProperties) = preSolution
		HideSolutionNode = FALSE
	EndGlobalSection
EndGlobal
