
Microsoft Visual Studio Solution File, Format Version 12.00
# Visual Studio Version 17
VisualStudioVersion = 17.0.31903.59
MinimumVisualStudioVersion = 10.0.40219.1
Project("{FAE04EC0-301F-11D3-BF4B-00C04F79EFBC}") = "Data", "Data\Data.csproj", "{006A0C56-2599-41AA-BB60-04F63315B3B9}"
EndProject
Project("{FAE04EC0-301F-11D3-BF4B-00C04F79EFBC}") = "Repositories", "Repositories\Repositories.csproj", "{BE73E8F8-6942-48CE-83D4-2C06347A3BD9}"
EndProject
Project("{FAE04EC0-301F-11D3-BF4B-00C04F79EFBC}") = "Services", "Services\Services.csproj", "{B5C3F6B0-F863-4F4F-9948-C281AE2DB311}"
EndProject
Project("{FAE04EC0-301F-11D3-BF4B-00C04F79EFBC}") = "Web API", "Web API\Web API.csproj", "{C950547C-DE16-4D25-BBB8-1CF14A319D68}"
EndProject
Global
	GlobalSection(SolutionConfigurationPlatforms) = preSolution
		Debug|Any CPU = Debug|Any CPU
		Debug|x64 = Debug|x64
		Debug|x86 = Debug|x86
		Release|Any CPU = Release|Any CPU
		Release|x64 = Release|x64
		Release|x86 = Release|x86
	EndGlobalSection
	GlobalSection(ProjectConfigurationPlatforms) = postSolution
		{006A0C56-2599-41AA-BB60-04F63315B3B9}.Debug|Any CPU.ActiveCfg = Debug|Any CPU
		{006A0C56-2599-41AA-BB60-04F63315B3B9}.Debug|Any CPU.Build.0 = Debug|Any CPU
		{006A0C56-2599-41AA-BB60-04F63315B3B9}.Debug|x64.ActiveCfg = Debug|Any CPU
		{006A0C56-2599-41AA-BB60-04F63315B3B9}.Debug|x64.Build.0 = Debug|Any CPU
		{006A0C56-2599-41AA-BB60-04F63315B3B9}.Debug|x86.ActiveCfg = Debug|Any CPU
		{006A0C56-2599-41AA-BB60-04F63315B3B9}.Debug|x86.Build.0 = Debug|Any CPU
		{006A0C56-2599-41AA-BB60-04F63315B3B9}.Release|Any CPU.ActiveCfg = Release|Any CPU
		{006A0C56-2599-41AA-BB60-04F63315B3B9}.Release|Any CPU.Build.0 = Release|Any CPU
		{006A0C56-2599-41AA-BB60-04F63315B3B9}.Release|x64.ActiveCfg = Release|Any CPU
		{006A0C56-2599-41AA-BB60-04F63315B3B9}.Release|x64.Build.0 = Release|Any CPU
		{006A0C56-2599-41AA-BB60-04F63315B3B9}.Release|x86.ActiveCfg = Release|Any CPU
		{006A0C56-2599-41AA-BB60-04F63315B3B9}.Release|x86.Build.0 = Release|Any CPU
		{BE73E8F8-6942-48CE-83D4-2C06347A3BD9}.Debug|Any CPU.ActiveCfg = Debug|Any CPU
		{BE73E8F8-6942-48CE-83D4-2C06347A3BD9}.Debug|Any CPU.Build.0 = Debug|Any CPU
		{BE73E8F8-6942-48CE-83D4-2C06347A3BD9}.Debug|x64.ActiveCfg = Debug|Any CPU
		{BE73E8F8-6942-48CE-83D4-2C06347A3BD9}.Debug|x64.Build.0 = Debug|Any CPU
		{BE73E8F8-6942-48CE-83D4-2C06347A3BD9}.Debug|x86.ActiveCfg = Debug|Any CPU
		{BE73E8F8-6942-48CE-83D4-2C06347A3BD9}.Debug|x86.Build.0 = Debug|Any CPU
		{BE73E8F8-6942-48CE-83D4-2C06347A3BD9}.Release|Any CPU.ActiveCfg = Release|Any CPU
		{BE73E8F8-6942-48CE-83D4-2C06347A3BD9}.Release|Any CPU.Build.0 = Release|Any CPU
		{BE73E8F8-6942-48CE-83D4-2C06347A3BD9}.Release|x64.ActiveCfg = Release|Any CPU
		{BE73E8F8-6942-48CE-83D4-2C06347A3BD9}.Release|x64.Build.0 = Release|Any CPU
		{BE73E8F8-6942-48CE-83D4-2C06347A3BD9}.Release|x86.ActiveCfg = Release|Any CPU
		{BE73E8F8-6942-48CE-83D4-2C06347A3BD9}.Release|x86.Build.0 = Release|Any CPU
		{B5C3F6B0-F863-4F4F-9948-C281AE2DB311}.Debug|Any CPU.ActiveCfg = Debug|Any CPU
		{B5C3F6B0-F863-4F4F-9948-C281AE2DB311}.Debug|Any CPU.Build.0 = Debug|Any CPU
		{B5C3F6B0-F863-4F4F-9948-C281AE2DB311}.Debug|x64.ActiveCfg = Debug|Any CPU
		{B5C3F6B0-F863-4F4F-9948-C281AE2DB311}.Debug|x64.Build.0 = Debug|Any CPU
		{B5C3F6B0-F863-4F4F-9948-C281AE2DB311}.Debug|x86.ActiveCfg = Debug|Any CPU
		{B5C3F6B0-F863-4F4F-9948-C281AE2DB311}.Debug|x86.Build.0 = Debug|Any CPU
		{B5C3F6B0-F863-4F4F-9948-C281AE2DB311}.Release|Any CPU.ActiveCfg = Release|Any CPU
		{B5C3F6B0-F863-4F4F-9948-C281AE2DB311}.Release|Any CPU.Build.0 = Release|Any CPU
		{B5C3F6B0-F863-4F4F-9948-C281AE2DB311}.Release|x64.ActiveCfg = Release|Any CPU
		{B5C3F6B0-F863-4F4F-9948-C281AE2DB311}.Release|x64.Build.0 = Release|Any CPU
		{B5C3F6B0-F863-4F4F-9948-C281AE2DB311}.Release|x86.ActiveCfg = Release|Any CPU
		{B5C3F6B0-F863-4F4F-9948-C281AE2DB311}.Release|x86.Build.0 = Release|Any CPU
		{C950547C-DE16-4D25-BBB8-1CF14A319D68}.Debug|Any CPU.ActiveCfg = Debug|Any CPU
		{C950547C-DE16-4D25-BBB8-1CF14A319D68}.Debug|Any CPU.Build.0 = Debug|Any CPU
		{C950547C-DE16-4D25-BBB8-1CF14A319D68}.Debug|x64.ActiveCfg = Debug|Any CPU
		{C950547C-DE16-4D25-BBB8-1CF14A319D68}.Debug|x64.Build.0 = Debug|Any CPU
		{C950547C-DE16-4D25-BBB8-1CF14A319D68}.Debug|x86.ActiveCfg = Debug|Any CPU
		{C950547C-DE16-4D25-BBB8-1CF14A319D68}.Debug|x86.Build.0 = Debug|Any CPU
		{C950547C-DE16-4D25-BBB8-1CF14A319D68}.Release|Any CPU.ActiveCfg = Release|Any CPU
		{C950547C-DE16-4D25-BBB8-1CF14A319D68}.Release|Any CPU.Build.0 = Release|Any CPU
		{C950547C-DE16-4D25-BBB8-1CF14A319D68}.Release|x64.ActiveCfg = Release|Any CPU
		{C950547C-DE16-4D25-BBB8-1CF14A319D68}.Release|x64.Build.0 = Release|Any CPU
		{C950547C-DE16-4D25-BBB8-1CF14A319D68}.Release|x86.ActiveCfg = Release|Any CPU
		{C950547C-DE16-4D25-BBB8-1CF14A319D68}.Release|x86.Build.0 = Release|Any CPU
	EndGlobalSection
	GlobalSection(SolutionProperties) = preSolution
		HideSolutionNode = FALSE
	EndGlobalSection
EndGlobal
