
Microsoft Visual Studio Solution File, Format Version 12.00
# Visual Studio Version 17
VisualStudioVersion = 17.0.31903.59
MinimumVisualStudioVersion = 10.0.40219.1
Project("{FAE04EC0-301F-11D3-BF4B-00C04F79EFBC}") = "Data", "Data\Data.csproj", "{CA89D629-01FF-42EF-AD09-AB4F919981B6}"
EndProject
Project("{FAE04EC0-301F-11D3-BF4B-00C04F79EFBC}") = "Repositories", "Repositories\Repositories.csproj", "{8A10A905-9B73-426D-AB5F-A49AA49504D9}"
EndProject
Project("{FAE04EC0-301F-11D3-BF4B-00C04F79EFBC}") = "Services", "Services\Services.csproj", "{E1A327EA-8BE3-4E88-A294-C7D91318A555}"
EndProject
Project("{FAE04EC0-301F-11D3-BF4B-00C04F79EFBC}") = "Web API", "Web API\Web API.csproj", "{F12D17DE-3C3E-479C-8151-5F7ECEE4F991}"
EndProject
Global
	GlobalSection(SolutionConfigurationPlatforms) = preSolution
		Debug|Any CPU = Debug|Any CPU
		Debug|x64 = Debug|x64
		Debug|x86 = Debug|x86
		Release|Any CPU = Release|Any CPU
		Release|x64 = Release|x64
		Release|x86 = Release|x86
	EndGlobalSection
	GlobalSection(ProjectConfigurationPlatforms) = postSolution
		{CA89D629-01FF-42EF-AD09-AB4F919981B6}.Debug|Any CPU.ActiveCfg = Debug|Any CPU
		{CA89D629-01FF-42EF-AD09-AB4F919981B6}.Debug|Any CPU.Build.0 = Debug|Any CPU
		{CA89D629-01FF-42EF-AD09-AB4F919981B6}.Debug|x64.ActiveCfg = Debug|Any CPU
		{CA89D629-01FF-42EF-AD09-AB4F919981B6}.Debug|x64.Build.0 = Debug|Any CPU
		{CA89D629-01FF-42EF-AD09-AB4F919981B6}.Debug|x86.ActiveCfg = Debug|Any CPU
		{CA89D629-01FF-42EF-AD09-AB4F919981B6}.Debug|x86.Build.0 = Debug|Any CPU
		{CA89D629-01FF-42EF-AD09-AB4F919981B6}.Release|Any CPU.ActiveCfg = Release|Any CPU
		{CA89D629-01FF-42EF-AD09-AB4F919981B6}.Release|Any CPU.Build.0 = Release|Any CPU
		{CA89D629-01FF-42EF-AD09-AB4F919981B6}.Release|x64.ActiveCfg = Release|Any CPU
		{CA89D629-01FF-42EF-AD09-AB4F919981B6}.Release|x64.Build.0 = Release|Any CPU
		{CA89D629-01FF-42EF-AD09-AB4F919981B6}.Release|x86.ActiveCfg = Release|Any CPU
		{CA89D629-01FF-42EF-AD09-AB4F919981B6}.Release|x86.Build.0 = Release|Any CPU
		{8A10A905-9B73-426D-AB5F-A49AA49504D9}.Debug|Any CPU.ActiveCfg = Debug|Any CPU
		{8A10A905-9B73-426D-AB5F-A49AA49504D9}.Debug|Any CPU.Build.0 = Debug|Any CPU
		{8A10A905-9B73-426D-AB5F-A49AA49504D9}.Debug|x64.ActiveCfg = Debug|Any CPU
		{8A10A905-9B73-426D-AB5F-A49AA49504D9}.Debug|x64.Build.0 = Debug|Any CPU
		{8A10A905-9B73-426D-AB5F-A49AA49504D9}.Debug|x86.ActiveCfg = Debug|Any CPU
		{8A10A905-9B73-426D-AB5F-A49AA49504D9}.Debug|x86.Build.0 = Debug|Any CPU
		{8A10A905-9B73-426D-AB5F-A49AA49504D9}.Release|Any CPU.ActiveCfg = Release|Any CPU
		{8A10A905-9B73-426D-AB5F-A49AA49504D9}.Release|Any CPU.Build.0 = Release|Any CPU
		{8A10A905-9B73-426D-AB5F-A49AA49504D9}.Release|x64.ActiveCfg = Release|Any CPU
		{8A10A905-9B73-426D-AB5F-A49AA49504D9}.Release|x64.Build.0 = Release|Any CPU
		{8A10A905-9B73-426D-AB5F-A49AA49504D9}.Release|x86.ActiveCfg = Release|Any CPU
		{8A10A905-9B73-426D-AB5F-A49AA49504D9}.Release|x86.Build.0 = Release|Any CPU
		{E1A327EA-8BE3-4E88-A294-C7D91318A555}.Debug|Any CPU.ActiveCfg = Debug|Any CPU
		{E1A327EA-8BE3-4E88-A294-C7D91318A555}.Debug|Any CPU.Build.0 = Debug|Any CPU
		{E1A327EA-8BE3-4E88-A294-C7D91318A555}.Debug|x64.ActiveCfg = Debug|Any CPU
		{E1A327EA-8BE3-4E88-A294-C7D91318A555}.Debug|x64.Build.0 = Debug|Any CPU
		{E1A327EA-8BE3-4E88-A294-C7D91318A555}.Debug|x86.ActiveCfg = Debug|Any CPU
		{E1A327EA-8BE3-4E88-A294-C7D91318A555}.Debug|x86.Build.0 = Debug|Any CPU
		{E1A327EA-8BE3-4E88-A294-C7D91318A555}.Release|Any CPU.ActiveCfg = Release|Any CPU
		{E1A327EA-8BE3-4E88-A294-C7D91318A555}.Release|Any CPU.Build.0 = Release|Any CPU
		{E1A327EA-8BE3-4E88-A294-C7D91318A555}.Release|x64.ActiveCfg = Release|Any CPU
		{E1A327EA-8BE3-4E88-A294-C7D91318A555}.Release|x64.Build.0 = Release|Any CPU
		{E1A327EA-8BE3-4E88-A294-C7D91318A555}.Release|x86.ActiveCfg = Release|Any CPU
		{E1A327EA-8BE3-4E88-A294-C7D91318A555}.Release|x86.Build.0 = Release|Any CPU
		{F12D17DE-3C3E-479C-8151-5F7ECEE4F991}.Debug|Any CPU.ActiveCfg = Debug|Any CPU
		{F12D17DE-3C3E-479C-8151-5F7ECEE4F991}.Debug|Any CPU.Build.0 = Debug|Any CPU
		{F12D17DE-3C3E-479C-8151-5F7ECEE4F991}.Debug|x64.ActiveCfg = Debug|Any CPU
		{F12D17DE-3C3E-479C-8151-5F7ECEE4F991}.Debug|x64.Build.0 = Debug|Any CPU
		{F12D17DE-3C3E-479C-8151-5F7ECEE4F991}.Debug|x86.ActiveCfg = Debug|Any CPU
		{F12D17DE-3C3E-479C-8151-5F7ECEE4F991}.Debug|x86.Build.0 = Debug|Any CPU
		{F12D17DE-3C3E-479C-8151-5F7ECEE4F991}.Release|Any CPU.ActiveCfg = Release|Any CPU
		{F12D17DE-3C3E-479C-8151-5F7ECEE4F991}.Release|Any CPU.Build.0 = Release|Any CPU
		{F12D17DE-3C3E-479C-8151-5F7ECEE4F991}.Release|x64.ActiveCfg = Release|Any CPU
		{F12D17DE-3C3E-479C-8151-5F7ECEE4F991}.Release|x64.Build.0 = Release|Any CPU
		{F12D17DE-3C3E-479C-8151-5F7ECEE4F991}.Release|x86.ActiveCfg = Release|Any CPU
		{F12D17DE-3C3E-479C-8151-5F7ECEE4F991}.Release|x86.Build.0 = Release|Any CPU
	EndGlobalSection
	GlobalSection(SolutionProperties) = preSolution
		HideSolutionNode = FALSE
	EndGlobalSection
EndGlobal
